# This file is automatically @generated by Poetry 1.4.1 and should not be changed by hand.

[[package]]
name = "attrs"
version = "22.2.0"
description = "Classes Without Boilerplate"
category = "dev"
optional = false
python-versions = ">=3.6"
files = [
    {file = "attrs-22.2.0-py3-none-any.whl", hash = "sha256:29e95c7f6778868dbd49170f98f8818f78f3dc5e0e37c0b1f474e3561b240836"},
    {file = "attrs-22.2.0.tar.gz", hash = "sha256:c9227bfc2f01993c03f68db37d1d15c9690188323c067c641f1a35ca58185f99"},
]

[package.extras]
cov = ["attrs[tests]", "coverage-enable-subprocess", "coverage[toml] (>=5.3)"]
dev = ["attrs[docs,tests]"]
docs = ["furo", "myst-parser", "sphinx", "sphinx-notfound-page", "sphinxcontrib-towncrier", "towncrier", "zope.interface"]
tests = ["attrs[tests-no-zope]", "zope.interface"]
tests-no-zope = ["cloudpickle", "cloudpickle", "hypothesis", "hypothesis", "mypy (>=0.971,<0.990)", "mypy (>=0.971,<0.990)", "pympler", "pympler", "pytest (>=4.3.0)", "pytest (>=4.3.0)", "pytest-mypy-plugins", "pytest-mypy-plugins", "pytest-xdist[psutil]", "pytest-xdist[psutil]"]

[[package]]
name = "boto3"
version = "1.26.93"
description = "The AWS SDK for Python"
category = "main"
optional = false
python-versions = ">= 3.7"
files = [
    {file = "boto3-1.26.93-py3-none-any.whl", hash = "sha256:1e543a27a7f0cddef298492d70bf7ea67db02960ec704c1af26d2b543cdefb43"},
    {file = "boto3-1.26.93.tar.gz", hash = "sha256:df541c06ff1018675097e102f2f2aa2abc31ea5d197c7fc229afbe30950ba131"},
]

[package.dependencies]
botocore = ">=1.29.93,<1.30.0"
jmespath = ">=0.7.1,<2.0.0"
s3transfer = ">=0.6.0,<0.7.0"

[package.extras]
crt = ["botocore[crt] (>=1.21.0,<2.0a0)"]

[[package]]
name = "botocore"
version = "1.29.93"
description = "Low-level, data-driven core of boto 3."
category = "main"
optional = false
python-versions = ">= 3.7"
files = [
    {file = "botocore-1.29.93-py3-none-any.whl", hash = "sha256:39c2ad2d44c7e1ef25a98e957b63fa760b87bcf32423a033dceeb359976c37d7"},
    {file = "botocore-1.29.93.tar.gz", hash = "sha256:940201ae2f5edbf4ccbf1066e345cf7f5224568bd702fa9e80a92e5c479fa649"},
]

[package.dependencies]
jmespath = ">=0.7.1,<2.0.0"
python-dateutil = ">=2.1,<3.0.0"
urllib3 = ">=1.25.4,<1.27"

[package.extras]
crt = ["awscrt (==0.16.9)"]

[[package]]
name = "click"
version = "7.1.2"
description = "Composable command line interface toolkit"
category = "main"
optional = false
python-versions = ">=2.7, !=3.0.*, !=3.1.*, !=3.2.*, !=3.3.*, !=3.4.*"
files = [
    {file = "click-7.1.2-py2.py3-none-any.whl", hash = "sha256:dacca89f4bfadd5de3d7489b7c8a566eee0d3676333fbb50030263894c38c0dc"},
    {file = "click-7.1.2.tar.gz", hash = "sha256:d2b5255c7c6349bc1bd1e59e08cd12acbbd63ce649f2588755783aa94dfb6b1a"},
]

[[package]]
name = "colorama"
version = "0.4.6"
description = "Cross-platform colored terminal text."
category = "dev"
optional = false
python-versions = "!=3.0.*,!=3.1.*,!=3.2.*,!=3.3.*,!=3.4.*,!=3.5.*,!=3.6.*,>=2.7"
files = [
    {file = "colorama-0.4.6-py2.py3-none-any.whl", hash = "sha256:4f1d9991f5acc0ca119f9d443620b77f9d6b33703e51011c16baf57afb285fc6"},
    {file = "colorama-0.4.6.tar.gz", hash = "sha256:08695f5cb7ed6e0531a20572697297273c47b8cae5a63ffc6d6ed5c201be6e44"},
]

[[package]]
name = "coverage"
version = "7.2.2"
description = "Code coverage measurement for Python"
category = "dev"
optional = false
python-versions = ">=3.7"
files = [
    {file = "coverage-7.2.2-cp310-cp310-macosx_10_9_x86_64.whl", hash = "sha256:c90e73bdecb7b0d1cea65a08cb41e9d672ac6d7995603d6465ed4914b98b9ad7"},
    {file = "coverage-7.2.2-cp310-cp310-macosx_11_0_arm64.whl", hash = "sha256:e2926b8abedf750c2ecf5035c07515770944acf02e1c46ab08f6348d24c5f94d"},
    {file = "coverage-7.2.2-cp310-cp310-manylinux_2_17_aarch64.manylinux2014_aarch64.whl", hash = "sha256:57b77b9099f172804e695a40ebaa374f79e4fb8b92f3e167f66facbf92e8e7f5"},
    {file = "coverage-7.2.2-cp310-cp310-manylinux_2_5_i686.manylinux1_i686.manylinux_2_17_i686.manylinux2014_i686.whl", hash = "sha256:efe1c0adad110bf0ad7fb59f833880e489a61e39d699d37249bdf42f80590169"},
    {file = "coverage-7.2.2-cp310-cp310-manylinux_2_5_x86_64.manylinux1_x86_64.manylinux_2_17_x86_64.manylinux2014_x86_64.whl", hash = "sha256:2199988e0bc8325d941b209f4fd1c6fa007024b1442c5576f1a32ca2e48941e6"},
    {file = "coverage-7.2.2-cp310-cp310-musllinux_1_1_aarch64.whl", hash = "sha256:81f63e0fb74effd5be736cfe07d710307cc0a3ccb8f4741f7f053c057615a137"},
    {file = "coverage-7.2.2-cp310-cp310-musllinux_1_1_i686.whl", hash = "sha256:186e0fc9cf497365036d51d4d2ab76113fb74f729bd25da0975daab2e107fd90"},
    {file = "coverage-7.2.2-cp310-cp310-musllinux_1_1_x86_64.whl", hash = "sha256:420f94a35e3e00a2b43ad5740f935358e24478354ce41c99407cddd283be00d2"},
    {file = "coverage-7.2.2-cp310-cp310-win32.whl", hash = "sha256:38004671848b5745bb05d4d621526fca30cee164db42a1f185615f39dc997292"},
    {file = "coverage-7.2.2-cp310-cp310-win_amd64.whl", hash = "sha256:0ce383d5f56d0729d2dd40e53fe3afeb8f2237244b0975e1427bfb2cf0d32bab"},
    {file = "coverage-7.2.2-cp311-cp311-macosx_10_9_x86_64.whl", hash = "sha256:3eb55b7b26389dd4f8ae911ba9bc8c027411163839dea4c8b8be54c4ee9ae10b"},
    {file = "coverage-7.2.2-cp311-cp311-macosx_11_0_arm64.whl", hash = "sha256:d2b96123a453a2d7f3995ddb9f28d01fd112319a7a4d5ca99796a7ff43f02af5"},
    {file = "coverage-7.2.2-cp311-cp311-manylinux_2_17_aarch64.manylinux2014_aarch64.whl", hash = "sha256:299bc75cb2a41e6741b5e470b8c9fb78d931edbd0cd009c58e5c84de57c06731"},
    {file = "coverage-7.2.2-cp311-cp311-manylinux_2_5_i686.manylinux1_i686.manylinux_2_17_i686.manylinux2014_i686.whl", hash = "sha256:5e1df45c23d4230e3d56d04414f9057eba501f78db60d4eeecfcb940501b08fd"},
    {file = "coverage-7.2.2-cp311-cp311-manylinux_2_5_x86_64.manylinux1_x86_64.manylinux_2_17_x86_64.manylinux2014_x86_64.whl", hash = "sha256:006ed5582e9cbc8115d2e22d6d2144a0725db542f654d9d4fda86793832f873d"},
    {file = "coverage-7.2.2-cp311-cp311-musllinux_1_1_aarch64.whl", hash = "sha256:d683d230b5774816e7d784d7ed8444f2a40e7a450e5720d58af593cb0b94a212"},
    {file = "coverage-7.2.2-cp311-cp311-musllinux_1_1_i686.whl", hash = "sha256:8efb48fa743d1c1a65ee8787b5b552681610f06c40a40b7ef94a5b517d885c54"},
    {file = "coverage-7.2.2-cp311-cp311-musllinux_1_1_x86_64.whl", hash = "sha256:4c752d5264053a7cf2fe81c9e14f8a4fb261370a7bb344c2a011836a96fb3f57"},
    {file = "coverage-7.2.2-cp311-cp311-win32.whl", hash = "sha256:55272f33da9a5d7cccd3774aeca7a01e500a614eaea2a77091e9be000ecd401d"},
    {file = "coverage-7.2.2-cp311-cp311-win_amd64.whl", hash = "sha256:92ebc1619650409da324d001b3a36f14f63644c7f0a588e331f3b0f67491f512"},
    {file = "coverage-7.2.2-cp37-cp37m-macosx_10_9_x86_64.whl", hash = "sha256:5afdad4cc4cc199fdf3e18088812edcf8f4c5a3c8e6cb69127513ad4cb7471a9"},
    {file = "coverage-7.2.2-cp37-cp37m-manylinux_2_17_aarch64.manylinux2014_aarch64.whl", hash = "sha256:0484d9dd1e6f481b24070c87561c8d7151bdd8b044c93ac99faafd01f695c78e"},
    {file = "coverage-7.2.2-cp37-cp37m-manylinux_2_5_i686.manylinux1_i686.manylinux_2_17_i686.manylinux2014_i686.whl", hash = "sha256:d530191aa9c66ab4f190be8ac8cc7cfd8f4f3217da379606f3dd4e3d83feba69"},
    {file = "coverage-7.2.2-cp37-cp37m-manylinux_2_5_x86_64.manylinux1_x86_64.manylinux_2_17_x86_64.manylinux2014_x86_64.whl", hash = "sha256:4ac0f522c3b6109c4b764ffec71bf04ebc0523e926ca7cbe6c5ac88f84faced0"},
    {file = "coverage-7.2.2-cp37-cp37m-musllinux_1_1_aarch64.whl", hash = "sha256:ba279aae162b20444881fc3ed4e4f934c1cf8620f3dab3b531480cf602c76b7f"},
    {file = "coverage-7.2.2-cp37-cp37m-musllinux_1_1_i686.whl", hash = "sha256:53d0fd4c17175aded9c633e319360d41a1f3c6e352ba94edcb0fa5167e2bad67"},
    {file = "coverage-7.2.2-cp37-cp37m-musllinux_1_1_x86_64.whl", hash = "sha256:8c99cb7c26a3039a8a4ee3ca1efdde471e61b4837108847fb7d5be7789ed8fd9"},
    {file = "coverage-7.2.2-cp37-cp37m-win32.whl", hash = "sha256:5cc0783844c84af2522e3a99b9b761a979a3ef10fb87fc4048d1ee174e18a7d8"},
    {file = "coverage-7.2.2-cp37-cp37m-win_amd64.whl", hash = "sha256:817295f06eacdc8623dc4df7d8b49cea65925030d4e1e2a7c7218380c0072c25"},
    {file = "coverage-7.2.2-cp38-cp38-macosx_10_9_x86_64.whl", hash = "sha256:6146910231ece63facfc5984234ad1b06a36cecc9fd0c028e59ac7c9b18c38c6"},
    {file = "coverage-7.2.2-cp38-cp38-macosx_11_0_arm64.whl", hash = "sha256:387fb46cb8e53ba7304d80aadca5dca84a2fbf6fe3faf6951d8cf2d46485d1e5"},
    {file = "coverage-7.2.2-cp38-cp38-manylinux_2_17_aarch64.manylinux2014_aarch64.whl", hash = "sha256:046936ab032a2810dcaafd39cc4ef6dd295df1a7cbead08fe996d4765fca9fe4"},
    {file = "coverage-7.2.2-cp38-cp38-manylinux_2_5_i686.manylinux1_i686.manylinux_2_17_i686.manylinux2014_i686.whl", hash = "sha256:e627dee428a176ffb13697a2c4318d3f60b2ccdde3acdc9b3f304206ec130ccd"},
    {file = "coverage-7.2.2-cp38-cp38-manylinux_2_5_x86_64.manylinux1_x86_64.manylinux_2_17_x86_64.manylinux2014_x86_64.whl", hash = "sha256:4fa54fb483decc45f94011898727802309a109d89446a3c76387d016057d2c84"},
    {file = "coverage-7.2.2-cp38-cp38-musllinux_1_1_aarch64.whl", hash = "sha256:3668291b50b69a0c1ef9f462c7df2c235da3c4073f49543b01e7eb1dee7dd540"},
    {file = "coverage-7.2.2-cp38-cp38-musllinux_1_1_i686.whl", hash = "sha256:7c20b731211261dc9739bbe080c579a1835b0c2d9b274e5fcd903c3a7821cf88"},
    {file = "coverage-7.2.2-cp38-cp38-musllinux_1_1_x86_64.whl", hash = "sha256:5764e1f7471cb8f64b8cda0554f3d4c4085ae4b417bfeab236799863703e5de2"},
    {file = "coverage-7.2.2-cp38-cp38-win32.whl", hash = "sha256:4f01911c010122f49a3e9bdc730eccc66f9b72bd410a3a9d3cb8448bb50d65d3"},
    {file = "coverage-7.2.2-cp38-cp38-win_amd64.whl", hash = "sha256:c448b5c9e3df5448a362208b8d4b9ed85305528313fca1b479f14f9fe0d873b8"},
    {file = "coverage-7.2.2-cp39-cp39-macosx_10_9_x86_64.whl", hash = "sha256:bfe7085783cda55e53510482fa7b5efc761fad1abe4d653b32710eb548ebdd2d"},
    {file = "coverage-7.2.2-cp39-cp39-macosx_11_0_arm64.whl", hash = "sha256:9d22e94e6dc86de981b1b684b342bec5e331401599ce652900ec59db52940005"},
    {file = "coverage-7.2.2-cp39-cp39-manylinux_2_17_aarch64.manylinux2014_aarch64.whl", hash = "sha256:507e4720791977934bba016101579b8c500fb21c5fa3cd4cf256477331ddd988"},
    {file = "coverage-7.2.2-cp39-cp39-manylinux_2_5_i686.manylinux1_i686.manylinux_2_17_i686.manylinux2014_i686.whl", hash = "sha256:bc4803779f0e4b06a2361f666e76f5c2e3715e8e379889d02251ec911befd149"},
    {file = "coverage-7.2.2-cp39-cp39-manylinux_2_5_x86_64.manylinux1_x86_64.manylinux_2_17_x86_64.manylinux2014_x86_64.whl", hash = "sha256:db8c2c5ace167fd25ab5dd732714c51d4633f58bac21fb0ff63b0349f62755a8"},
    {file = "coverage-7.2.2-cp39-cp39-musllinux_1_1_aarch64.whl", hash = "sha256:4f68ee32d7c4164f1e2c8797535a6d0a3733355f5861e0f667e37df2d4b07140"},
    {file = "coverage-7.2.2-cp39-cp39-musllinux_1_1_i686.whl", hash = "sha256:d52f0a114b6a58305b11a5cdecd42b2e7f1ec77eb20e2b33969d702feafdd016"},
    {file = "coverage-7.2.2-cp39-cp39-musllinux_1_1_x86_64.whl", hash = "sha256:797aad79e7b6182cb49c08cc5d2f7aa7b2128133b0926060d0a8889ac43843be"},
    {file = "coverage-7.2.2-cp39-cp39-win32.whl", hash = "sha256:db45eec1dfccdadb179b0f9ca616872c6f700d23945ecc8f21bb105d74b1c5fc"},
    {file = "coverage-7.2.2-cp39-cp39-win_amd64.whl", hash = "sha256:8dbe2647bf58d2c5a6c5bcc685f23b5f371909a5624e9f5cd51436d6a9f6c6ef"},
    {file = "coverage-7.2.2-pp37.pp38.pp39-none-any.whl", hash = "sha256:872d6ce1f5be73f05bea4df498c140b9e7ee5418bfa2cc8204e7f9b817caa968"},
    {file = "coverage-7.2.2.tar.gz", hash = "sha256:36dd42da34fe94ed98c39887b86db9d06777b1c8f860520e21126a75507024f2"},
]

[package.dependencies]
tomli = {version = "*", optional = true, markers = "python_full_version <= \"3.11.0a6\" and extra == \"toml\""}

[package.extras]
toml = ["tomli"]

[[package]]
name = "exceptiongroup"
version = "1.1.1"
description = "Backport of PEP 654 (exception groups)"
category = "dev"
optional = false
python-versions = ">=3.7"
files = [
    {file = "exceptiongroup-1.1.1-py3-none-any.whl", hash = "sha256:232c37c63e4f682982c8b6459f33a8981039e5fb8756b2074364e5055c498c9e"},
    {file = "exceptiongroup-1.1.1.tar.gz", hash = "sha256:d484c3090ba2889ae2928419117447a14daf3c1231d5e30d0aae34f354f01785"},
]

[package.extras]
test = ["pytest (>=6)"]

[[package]]
name = "importlib-metadata"
version = "6.0.0"
description = "Read metadata from Python packages"
category = "dev"
optional = false
python-versions = ">=3.7"
files = [
    {file = "importlib_metadata-6.0.0-py3-none-any.whl", hash = "sha256:7efb448ec9a5e313a57655d35aa54cd3e01b7e1fbcf72dce1bf06119420f5bad"},
    {file = "importlib_metadata-6.0.0.tar.gz", hash = "sha256:e354bedeb60efa6affdcc8ae121b73544a7aa74156d047311948f6d711cd378d"},
]

[package.dependencies]
typing-extensions = {version = ">=3.6.4", markers = "python_version < \"3.8\""}
zipp = ">=0.5"

[package.extras]
docs = ["furo", "jaraco.packaging (>=9)", "jaraco.tidelift (>=1.4)", "rst.linker (>=1.9)", "sphinx (>=3.5)", "sphinx-lint"]
perf = ["ipython"]
testing = ["flake8 (<5)", "flufl.flake8", "importlib-resources (>=1.3)", "packaging", "pyfakefs", "pytest (>=6)", "pytest-black (>=0.3.7)", "pytest-checkdocs (>=2.4)", "pytest-cov", "pytest-enabler (>=1.3)", "pytest-flake8", "pytest-mypy (>=0.9.1)", "pytest-perf (>=0.9.2)"]

[[package]]
name = "iniconfig"
version = "2.0.0"
description = "brain-dead simple config-ini parsing"
category = "dev"
optional = false
python-versions = ">=3.7"
files = [
    {file = "iniconfig-2.0.0-py3-none-any.whl", hash = "sha256:b6a85871a79d2e3b22d2d1b94ac2824226a63c6b741c88f7ae975f18b6778374"},
    {file = "iniconfig-2.0.0.tar.gz", hash = "sha256:2d91e135bf72d31a410b17c16da610a82cb55f6b0477d1a902134b24a455b8b3"},
]

[[package]]
name = "jmespath"
version = "1.0.1"
description = "JSON Matching Expressions"
category = "main"
optional = false
python-versions = ">=3.7"
files = [
    {file = "jmespath-1.0.1-py3-none-any.whl", hash = "sha256:02e2e4cc71b5bcab88332eebf907519190dd9e6e82107fa7f83b1003a6252980"},
    {file = "jmespath-1.0.1.tar.gz", hash = "sha256:90261b206d6defd58fdd5e85f478bf633a2901798906be2ad389150c5c60edbe"},
]

[[package]]
name = "markdown-it-py"
version = "2.2.0"
description = "Python port of markdown-it. Markdown parsing, done right!"
category = "main"
optional = false
python-versions = ">=3.7"
files = [
    {file = "markdown-it-py-2.2.0.tar.gz", hash = "sha256:7c9a5e412688bc771c67432cbfebcdd686c93ce6484913dccf06cb5a0bea35a1"},
    {file = "markdown_it_py-2.2.0-py3-none-any.whl", hash = "sha256:5a35f8d1870171d9acc47b99612dc146129b631baf04970128b568f190d0cc30"},
]

[package.dependencies]
mdurl = ">=0.1,<1.0"
typing_extensions = {version = ">=3.7.4", markers = "python_version < \"3.8\""}

[package.extras]
benchmarking = ["psutil", "pytest", "pytest-benchmark"]
code-style = ["pre-commit (>=3.0,<4.0)"]
compare = ["commonmark (>=0.9,<1.0)", "markdown (>=3.4,<4.0)", "mistletoe (>=1.0,<2.0)", "mistune (>=2.0,<3.0)", "panflute (>=2.3,<3.0)"]
linkify = ["linkify-it-py (>=1,<3)"]
plugins = ["mdit-py-plugins"]
profiling = ["gprof2dot"]
rtd = ["attrs", "myst-parser", "pyyaml", "sphinx", "sphinx-copybutton", "sphinx-design", "sphinx_book_theme"]
testing = ["coverage", "pytest", "pytest-cov", "pytest-regressions"]

[[package]]
name = "mdurl"
version = "0.1.2"
description = "Markdown URL utilities"
category = "main"
optional = false
python-versions = ">=3.7"
files = [
    {file = "mdurl-0.1.2-py3-none-any.whl", hash = "sha256:84008a41e51615a49fc9966191ff91509e3c40b939176e643fd50a5c2196b8f8"},
    {file = "mdurl-0.1.2.tar.gz", hash = "sha256:bb413d29f5eea38f31dd4754dd7377d4465116fb207585f97bf925588687c1ba"},
]

[[package]]
name = "packaging"
version = "23.0"
description = "Core utilities for Python packages"
category = "dev"
optional = false
python-versions = ">=3.7"
files = [
    {file = "packaging-23.0-py3-none-any.whl", hash = "sha256:714ac14496c3e68c99c29b00845f7a2b85f3bb6f1078fd9f72fd20f0570002b2"},
    {file = "packaging-23.0.tar.gz", hash = "sha256:b6ad297f8907de0fa2fe1ccbd26fdaf387f5f47c7275fedf8cce89f99446cf97"},
]

[[package]]
name = "pluggy"
version = "1.0.0"
description = "plugin and hook calling mechanisms for python"
category = "dev"
optional = false
python-versions = ">=3.6"
files = [
    {file = "pluggy-1.0.0-py2.py3-none-any.whl", hash = "sha256:74134bbf457f031a36d68416e1509f34bd5ccc019f0bcc952c7b909d06b37bd3"},
    {file = "pluggy-1.0.0.tar.gz", hash = "sha256:4224373bacce55f955a878bf9cfa763c1e360858e330072059e10bad68531159"},
]

[package.dependencies]
importlib-metadata = {version = ">=0.12", markers = "python_version < \"3.8\""}

[package.extras]
dev = ["pre-commit", "tox"]
testing = ["pytest", "pytest-benchmark"]

[[package]]
name = "pyfakefs"
version = "5.1.0"
description = "pyfakefs implements a fake file system that mocks the Python file system modules."
category = "dev"
optional = false
python-versions = ">=3.7"
files = [
    {file = "pyfakefs-5.1.0-py3-none-any.whl", hash = "sha256:e6f34a8224b41f1b1ab25aa8d430121dac42e3c6e981e01eae76b3343fba47d0"},
    {file = "pyfakefs-5.1.0.tar.gz", hash = "sha256:316c6026640d14a6b4fbde71fd9674576d1b5710deda8fabde8aad51d785dbc3"},
]

[[package]]
name = "pygments"
version = "2.15.1"
description = "Pygments is a syntax highlighting package written in Python."
category = "main"
optional = false
python-versions = ">=3.7"
files = [
    {file = "Pygments-2.15.1-py3-none-any.whl", hash = "sha256:db2db3deb4b4179f399a09054b023b6a586b76499d36965813c71aa8ed7b5fd1"},
    {file = "Pygments-2.15.1.tar.gz", hash = "sha256:8ace4d3c1dd481894b2005f560ead0f9f19ee64fe983366be1a21e171d12775c"},
]

[package.extras]
plugins = ["importlib-metadata"]

[[package]]
name = "pytest"
version = "7.2.2"
description = "pytest: simple powerful testing with Python"
category = "dev"
optional = false
python-versions = ">=3.7"
files = [
    {file = "pytest-7.2.2-py3-none-any.whl", hash = "sha256:130328f552dcfac0b1cec75c12e3f005619dc5f874f0a06e8ff7263f0ee6225e"},
    {file = "pytest-7.2.2.tar.gz", hash = "sha256:c99ab0c73aceb050f68929bc93af19ab6db0558791c6a0715723abe9d0ade9d4"},
]

[package.dependencies]
attrs = ">=19.2.0"
colorama = {version = "*", markers = "sys_platform == \"win32\""}
exceptiongroup = {version = ">=1.0.0rc8", markers = "python_version < \"3.11\""}
importlib-metadata = {version = ">=0.12", markers = "python_version < \"3.8\""}
iniconfig = "*"
packaging = "*"
pluggy = ">=0.12,<2.0"
tomli = {version = ">=1.0.0", markers = "python_version < \"3.11\""}

[package.extras]
testing = ["argcomplete", "hypothesis (>=3.56)", "mock", "nose", "pygments (>=2.7.2)", "requests", "xmlschema"]

[[package]]
name = "pytest-cov"
version = "4.0.0"
description = "Pytest plugin for measuring coverage."
category = "dev"
optional = false
python-versions = ">=3.6"
files = [
    {file = "pytest-cov-4.0.0.tar.gz", hash = "sha256:996b79efde6433cdbd0088872dbc5fb3ed7fe1578b68cdbba634f14bb8dd0470"},
    {file = "pytest_cov-4.0.0-py3-none-any.whl", hash = "sha256:2feb1b751d66a8bd934e5edfa2e961d11309dc37b73b0eabe73b5945fee20f6b"},
]

[package.dependencies]
coverage = {version = ">=5.2.1", extras = ["toml"]}
pytest = ">=4.6"

[package.extras]
testing = ["fields", "hunter", "process-tests", "pytest-xdist", "six", "virtualenv"]

[[package]]
name = "python-dateutil"
version = "2.8.2"
description = "Extensions to the standard Python datetime module"
category = "main"
optional = false
python-versions = "!=3.0.*,!=3.1.*,!=3.2.*,>=2.7"
files = [
    {file = "python-dateutil-2.8.2.tar.gz", hash = "sha256:0123cacc1627ae19ddf3c27a5de5bd67ee4586fbdd6440d9748f8abb483d3e86"},
    {file = "python_dateutil-2.8.2-py2.py3-none-any.whl", hash = "sha256:961d03dc3453ebbc59dbdea9e4e11c5651520a876d0f4db161e8674aae935da9"},
]

[package.dependencies]
six = ">=1.5"

[[package]]
name = "pyyaml"
version = "6.0"
description = "YAML parser and emitter for Python"
category = "main"
optional = false
python-versions = ">=3.6"
files = [
    {file = "PyYAML-6.0-cp310-cp310-macosx_10_9_x86_64.whl", hash = "sha256:d4db7c7aef085872ef65a8fd7d6d09a14ae91f691dec3e87ee5ee0539d516f53"},
    {file = "PyYAML-6.0-cp310-cp310-macosx_11_0_arm64.whl", hash = "sha256:9df7ed3b3d2e0ecfe09e14741b857df43adb5a3ddadc919a2d94fbdf78fea53c"},
    {file = "PyYAML-6.0-cp310-cp310-manylinux_2_17_aarch64.manylinux2014_aarch64.whl", hash = "sha256:77f396e6ef4c73fdc33a9157446466f1cff553d979bd00ecb64385760c6babdc"},
    {file = "PyYAML-6.0-cp310-cp310-manylinux_2_17_s390x.manylinux2014_s390x.whl", hash = "sha256:a80a78046a72361de73f8f395f1f1e49f956c6be882eed58505a15f3e430962b"},
    {file = "PyYAML-6.0-cp310-cp310-manylinux_2_5_x86_64.manylinux1_x86_64.manylinux_2_12_x86_64.manylinux2010_x86_64.whl", hash = "sha256:f84fbc98b019fef2ee9a1cb3ce93e3187a6df0b2538a651bfb890254ba9f90b5"},
    {file = "PyYAML-6.0-cp310-cp310-win32.whl", hash = "sha256:2cd5df3de48857ed0544b34e2d40e9fac445930039f3cfe4bcc592a1f836d513"},
    {file = "PyYAML-6.0-cp310-cp310-win_amd64.whl", hash = "sha256:daf496c58a8c52083df09b80c860005194014c3698698d1a57cbcfa182142a3a"},
    {file = "PyYAML-6.0-cp311-cp311-macosx_10_9_x86_64.whl", hash = "sha256:d4b0ba9512519522b118090257be113b9468d804b19d63c71dbcf4a48fa32358"},
    {file = "PyYAML-6.0-cp311-cp311-macosx_11_0_arm64.whl", hash = "sha256:81957921f441d50af23654aa6c5e5eaf9b06aba7f0a19c18a538dc7ef291c5a1"},
    {file = "PyYAML-6.0-cp311-cp311-manylinux_2_17_aarch64.manylinux2014_aarch64.whl", hash = "sha256:afa17f5bc4d1b10afd4466fd3a44dc0e245382deca5b3c353d8b757f9e3ecb8d"},
    {file = "PyYAML-6.0-cp311-cp311-manylinux_2_17_s390x.manylinux2014_s390x.whl", hash = "sha256:dbad0e9d368bb989f4515da330b88a057617d16b6a8245084f1b05400f24609f"},
    {file = "PyYAML-6.0-cp311-cp311-manylinux_2_17_x86_64.manylinux2014_x86_64.whl", hash = "sha256:432557aa2c09802be39460360ddffd48156e30721f5e8d917f01d31694216782"},
    {file = "PyYAML-6.0-cp311-cp311-win32.whl", hash = "sha256:bfaef573a63ba8923503d27530362590ff4f576c626d86a9fed95822a8255fd7"},
    {file = "PyYAML-6.0-cp311-cp311-win_amd64.whl", hash = "sha256:01b45c0191e6d66c470b6cf1b9531a771a83c1c4208272ead47a3ae4f2f603bf"},
    {file = "PyYAML-6.0-cp36-cp36m-macosx_10_9_x86_64.whl", hash = "sha256:897b80890765f037df3403d22bab41627ca8811ae55e9a722fd0392850ec4d86"},
    {file = "PyYAML-6.0-cp36-cp36m-manylinux_2_17_aarch64.manylinux2014_aarch64.whl", hash = "sha256:50602afada6d6cbfad699b0c7bb50d5ccffa7e46a3d738092afddc1f9758427f"},
    {file = "PyYAML-6.0-cp36-cp36m-manylinux_2_17_s390x.manylinux2014_s390x.whl", hash = "sha256:48c346915c114f5fdb3ead70312bd042a953a8ce5c7106d5bfb1a5254e47da92"},
    {file = "PyYAML-6.0-cp36-cp36m-manylinux_2_5_x86_64.manylinux1_x86_64.manylinux_2_12_x86_64.manylinux2010_x86_64.whl", hash = "sha256:98c4d36e99714e55cfbaaee6dd5badbc9a1ec339ebfc3b1f52e293aee6bb71a4"},
    {file = "PyYAML-6.0-cp36-cp36m-win32.whl", hash = "sha256:0283c35a6a9fbf047493e3a0ce8d79ef5030852c51e9d911a27badfde0605293"},
    {file = "PyYAML-6.0-cp36-cp36m-win_amd64.whl", hash = "sha256:07751360502caac1c067a8132d150cf3d61339af5691fe9e87803040dbc5db57"},
    {file = "PyYAML-6.0-cp37-cp37m-macosx_10_9_x86_64.whl", hash = "sha256:819b3830a1543db06c4d4b865e70ded25be52a2e0631ccd2f6a47a2822f2fd7c"},
    {file = "PyYAML-6.0-cp37-cp37m-manylinux_2_17_aarch64.manylinux2014_aarch64.whl", hash = "sha256:473f9edb243cb1935ab5a084eb238d842fb8f404ed2193a915d1784b5a6b5fc0"},
    {file = "PyYAML-6.0-cp37-cp37m-manylinux_2_17_s390x.manylinux2014_s390x.whl", hash = "sha256:0ce82d761c532fe4ec3f87fc45688bdd3a4c1dc5e0b4a19814b9009a29baefd4"},
    {file = "PyYAML-6.0-cp37-cp37m-manylinux_2_5_x86_64.manylinux1_x86_64.manylinux_2_12_x86_64.manylinux2010_x86_64.whl", hash = "sha256:231710d57adfd809ef5d34183b8ed1eeae3f76459c18fb4a0b373ad56bedcdd9"},
    {file = "PyYAML-6.0-cp37-cp37m-win32.whl", hash = "sha256:c5687b8d43cf58545ade1fe3e055f70eac7a5a1a0bf42824308d868289a95737"},
    {file = "PyYAML-6.0-cp37-cp37m-win_amd64.whl", hash = "sha256:d15a181d1ecd0d4270dc32edb46f7cb7733c7c508857278d3d378d14d606db2d"},
    {file = "PyYAML-6.0-cp38-cp38-macosx_10_9_x86_64.whl", hash = "sha256:0b4624f379dab24d3725ffde76559cff63d9ec94e1736b556dacdfebe5ab6d4b"},
    {file = "PyYAML-6.0-cp38-cp38-manylinux_2_17_aarch64.manylinux2014_aarch64.whl", hash = "sha256:213c60cd50106436cc818accf5baa1aba61c0189ff610f64f4a3e8c6726218ba"},
    {file = "PyYAML-6.0-cp38-cp38-manylinux_2_17_s390x.manylinux2014_s390x.whl", hash = "sha256:9fa600030013c4de8165339db93d182b9431076eb98eb40ee068700c9c813e34"},
    {file = "PyYAML-6.0-cp38-cp38-manylinux_2_5_x86_64.manylinux1_x86_64.manylinux_2_12_x86_64.manylinux2010_x86_64.whl", hash = "sha256:277a0ef2981ca40581a47093e9e2d13b3f1fbbeffae064c1d21bfceba2030287"},
    {file = "PyYAML-6.0-cp38-cp38-win32.whl", hash = "sha256:d4eccecf9adf6fbcc6861a38015c2a64f38b9d94838ac1810a9023a0609e1b78"},
    {file = "PyYAML-6.0-cp38-cp38-win_amd64.whl", hash = "sha256:1e4747bc279b4f613a09eb64bba2ba602d8a6664c6ce6396a4d0cd413a50ce07"},
    {file = "PyYAML-6.0-cp39-cp39-macosx_10_9_x86_64.whl", hash = "sha256:055d937d65826939cb044fc8c9b08889e8c743fdc6a32b33e2390f66013e449b"},
    {file = "PyYAML-6.0-cp39-cp39-macosx_11_0_arm64.whl", hash = "sha256:e61ceaab6f49fb8bdfaa0f92c4b57bcfbea54c09277b1b4f7ac376bfb7a7c174"},
    {file = "PyYAML-6.0-cp39-cp39-manylinux_2_17_aarch64.manylinux2014_aarch64.whl", hash = "sha256:d67d839ede4ed1b28a4e8909735fc992a923cdb84e618544973d7dfc71540803"},
    {file = "PyYAML-6.0-cp39-cp39-manylinux_2_17_s390x.manylinux2014_s390x.whl", hash = "sha256:cba8c411ef271aa037d7357a2bc8f9ee8b58b9965831d9e51baf703280dc73d3"},
    {file = "PyYAML-6.0-cp39-cp39-manylinux_2_5_x86_64.manylinux1_x86_64.manylinux_2_12_x86_64.manylinux2010_x86_64.whl", hash = "sha256:40527857252b61eacd1d9af500c3337ba8deb8fc298940291486c465c8b46ec0"},
    {file = "PyYAML-6.0-cp39-cp39-win32.whl", hash = "sha256:b5b9eccad747aabaaffbc6064800670f0c297e52c12754eb1d976c57e4f74dcb"},
    {file = "PyYAML-6.0-cp39-cp39-win_amd64.whl", hash = "sha256:b3d267842bf12586ba6c734f89d1f5b871df0273157918b0ccefa29deb05c21c"},
    {file = "PyYAML-6.0.tar.gz", hash = "sha256:68fb519c14306fec9720a2a5b45bc9f0c8d1b9c72adf45c37baedfcd949c35a2"},
]

[[package]]
name = "rich"
version = "13.4.2"
description = "Render rich text, tables, progress bars, syntax highlighting, markdown and more to the terminal"
category = "main"
optional = false
python-versions = ">=3.7.0"
files = [
    {file = "rich-13.4.2-py3-none-any.whl", hash = "sha256:8f87bc7ee54675732fa66a05ebfe489e27264caeeff3728c945d25971b6485ec"},
    {file = "rich-13.4.2.tar.gz", hash = "sha256:d653d6bccede5844304c605d5aac802c7cf9621efd700b46c7ec2b51ea914898"},
]

[package.dependencies]
markdown-it-py = ">=2.2.0"
pygments = ">=2.13.0,<3.0.0"
typing-extensions = {version = ">=4.0.0,<5.0", markers = "python_version < \"3.9\""}

[package.extras]
jupyter = ["ipywidgets (>=7.5.1,<9)"]

[[package]]
name = "s3transfer"
version = "0.6.0"
description = "An Amazon S3 Transfer Manager"
category = "main"
optional = false
python-versions = ">= 3.7"
files = [
    {file = "s3transfer-0.6.0-py3-none-any.whl", hash = "sha256:06176b74f3a15f61f1b4f25a1fc29a4429040b7647133a463da8fa5bd28d5ecd"},
    {file = "s3transfer-0.6.0.tar.gz", hash = "sha256:2ed07d3866f523cc561bf4a00fc5535827981b117dd7876f036b0c1aca42c947"},
]

[package.dependencies]
botocore = ">=1.12.36,<2.0a.0"

[package.extras]
crt = ["botocore[crt] (>=1.20.29,<2.0a.0)"]

[[package]]
name = "six"
version = "1.16.0"
description = "Python 2 and 3 compatibility utilities"
category = "main"
optional = false
python-versions = ">=2.7, !=3.0.*, !=3.1.*, !=3.2.*"
files = [
    {file = "six-1.16.0-py2.py3-none-any.whl", hash = "sha256:8abb2f1d86890a2dfb989f9a77cfcfd3e47c2a354b01111771326f8aa26e0254"},
    {file = "six-1.16.0.tar.gz", hash = "sha256:1e61c37477a1626458e36f7b1d82aa5c9b094fa4802892072e49de9c60c4c926"},
]

[[package]]
name = "tomli"
version = "2.0.1"
description = "A lil' TOML parser"
category = "dev"
optional = false
python-versions = ">=3.7"
files = [
    {file = "tomli-2.0.1-py3-none-any.whl", hash = "sha256:939de3e7a6161af0c887ef91b7d41a53e7c5a1ca976325f429cb46ea9bc30ecc"},
    {file = "tomli-2.0.1.tar.gz", hash = "sha256:de526c12914f0c550d15924c62d72abc48d6fe7364aa87328337a31007fe8a4f"},
]

[[package]]
name = "typing-extensions"
version = "4.5.0"
description = "Backported and Experimental Type Hints for Python 3.7+"
category = "main"
optional = false
python-versions = ">=3.7"
files = [
    {file = "typing_extensions-4.5.0-py3-none-any.whl", hash = "sha256:fb33085c39dd998ac16d1431ebc293a8b3eedd00fd4a32de0ff79002c19511b4"},
    {file = "typing_extensions-4.5.0.tar.gz", hash = "sha256:5cb5f4a79139d699607b3ef622a1dedafa84e115ab0024e0d9c044a9479ca7cb"},
]

[[package]]
name = "urllib3"
version = "1.26.15"
description = "HTTP library with thread-safe connection pooling, file post, and more."
category = "main"
optional = false
python-versions = ">=2.7, !=3.0.*, !=3.1.*, !=3.2.*, !=3.3.*, !=3.4.*, !=3.5.*"
files = [
    {file = "urllib3-1.26.15-py2.py3-none-any.whl", hash = "sha256:aa751d169e23c7479ce47a0cb0da579e3ede798f994f5816a74e4f4500dcea42"},
    {file = "urllib3-1.26.15.tar.gz", hash = "sha256:8a388717b9476f934a21484e8c8e61875ab60644d29b9b39e11e4b9dc1c6b305"},
]

[package.extras]
brotli = ["brotli (>=1.0.9)", "brotlicffi (>=0.8.0)", "brotlipy (>=0.6.0)"]
secure = ["certifi", "cryptography (>=1.3.4)", "idna (>=2.0.0)", "ipaddress", "pyOpenSSL (>=0.14)", "urllib3-secure-extra"]
socks = ["PySocks (>=1.5.6,!=1.5.7,<2.0)"]

[[package]]
name = "zipp"
version = "3.15.0"
description = "Backport of pathlib-compatible object wrapper for zip files"
category = "dev"
optional = false
python-versions = ">=3.7"
files = [
    {file = "zipp-3.15.0-py3-none-any.whl", hash = "sha256:48904fc76a60e542af151aded95726c1a5c34ed43ab4134b597665c86d7ad556"},
    {file = "zipp-3.15.0.tar.gz", hash = "sha256:112929ad649da941c23de50f356a2b5570c954b65150642bccdd66bf194d224b"},
]

[package.extras]
docs = ["furo", "jaraco.packaging (>=9)", "jaraco.tidelift (>=1.4)", "rst.linker (>=1.9)", "sphinx (>=3.5)", "sphinx-lint"]
testing = ["big-O", "flake8 (<5)", "jaraco.functools", "jaraco.itertools", "more-itertools", "pytest (>=6)", "pytest-black (>=0.3.7)", "pytest-checkdocs (>=2.4)", "pytest-cov", "pytest-enabler (>=1.3)", "pytest-flake8", "pytest-mypy (>=0.9.1)"]

[metadata]
lock-version = "2.0"
python-versions = "^3.7"
content-hash = "0320a0e9f6ef29c2331a8adcda8ee67bb3fbc2718c36a12863b9825c9d2efa58"
